
Microsoft Visual Studio Solution File, Format Version 12.00
# Visual Studio Version 16
VisualStudioVersion = 16.0.29806.167
MinimumVisualStudioVersion = 10.0.40219.1
Project("{FAE04EC0-301F-11D3-BF4B-00C04F79EFBC}") = "Telegenic.Web", "Telegenic.Web\Telegenic.Web.csproj", "{914C738E-B943-49F8-A6F6-781016DEDBA0}"
EndProject
Project("{FAE04EC0-301F-11D3-BF4B-00C04F79EFBC}") = "Telegenic.Entities", "Telegenic.Entities\Telegenic.Entities.csproj", "{035A311F-5F4D-4123-BA68-9F4FEEAFE384}"
EndProject
Global
	GlobalSection(SolutionConfigurationPlatforms) = preSolution
		Debug|Any CPU = Debug|Any CPU
		Release|Any CPU = Release|Any CPU
	EndGlobalSection
	GlobalSection(ProjectConfigurationPlatforms) = postSolution
		{914C738E-B943-49F8-A6F6-781016DEDBA0}.Debug|Any CPU.ActiveCfg = Debug|Any CPU
		{914C738E-B943-49F8-A6F6-781016DEDBA0}.Debug|Any CPU.Build.0 = Debug|Any CPU
		{914C738E-B943-49F8-A6F6-781016DEDBA0}.Release|Any CPU.ActiveCfg = Release|Any CPU
		{914C738E-B943-49F8-A6F6-781016DEDBA0}.Release|Any CPU.Build.0 = Release|Any CPU
		{035A311F-5F4D-4123-BA68-9F4FEEAFE384}.Debug|Any CPU.ActiveCfg = Debug|Any CPU
		{035A311F-5F4D-4123-BA68-9F4FEEAFE384}.Debug|Any CPU.Build.0 = Debug|Any CPU
		{035A311F-5F4D-4123-BA68-9F4FEEAFE384}.Release|Any CPU.ActiveCfg = Release|Any CPU
		{035A311F-5F4D-4123-BA68-9F4FEEAFE384}.Release|Any CPU.Build.0 = Release|Any CPU
	EndGlobalSection
	GlobalSection(SolutionProperties) = preSolution
		HideSolutionNode = FALSE
	EndGlobalSection
	GlobalSection(ExtensibilityGlobals) = postSolution
		SolutionGuid = {DBD75EA2-F9B2-4AED-9F78-2C01ACD16F1C}
	EndGlobalSection
EndGlobal
